
Microsoft Visual Studio Solution File, Format Version 12.00
# Visual Studio Version 17
VisualStudioVersion = 17.0.31903.59
MinimumVisualStudioVersion = 10.0.40219.1
Project("{9A19103F-16F7-4668-BE54-9A1E7A4F7556}") = "StorageManagement.Domain", "StorageManagement.Domain\StorageManagement.Domain.csproj", "{99C72CF6-014A-4443-A4AC-FC475D73910F}"
EndProject
Project("{9A19103F-16F7-4668-BE54-9A1E7A4F7556}") = "StorageManagement.Infrastructure", "StorageManagement.Infrastructure\StorageManagement.Infrastructure.csproj", "{DFA020A5-5D3F-4C17-A160-8576205762FD}"
EndProject
Project("{9A19103F-16F7-4668-BE54-9A1E7A4F7556}") = "StorageManagement.Application", "StorageManagement.Application\StorageManagement.Application.csproj", "{B28CC3C9-0066-4B05-8AAC-CB8928C9C37C}"
EndProject
Project("{9A19103F-16F7-4668-BE54-9A1E7A4F7556}") = "StorageManagement.API", "StorageManagement.API\StorageManagement.API.csproj", "{91E52D40-ED11-4380-AE4B-6A85D4076F72}"
EndProject
Project("{9A19103F-16F7-4668-BE54-9A1E7A4F7556}") = "StorageManagement.Test", "StorageManagement.Test\StorageManagement.Test.csproj", "{960EDF29-85F8-4E91-BA37-EB7A9FB2C092}"
EndProject
Project("{FAE04EC0-301F-11D3-BF4B-00C04F79EFBC}") = "StorageManagementSystem.AppHost", "StorageManagementSystem.AppHost\StorageManagementSystem.AppHost.csproj", "{54D4A145-8F25-4E09-9FD4-B52C83BD6557}"
EndProject
Project("{9A19103F-16F7-4668-BE54-9A1E7A4F7556}") = "StorageManagementSystem.ServiceDefaults", "StorageManagementSystem.ServiceDefaults\StorageManagementSystem.ServiceDefaults.csproj", "{5EC15BF8-633E-4825-AE49-20DB02492F0C}"
EndProject
Global
	GlobalSection(SolutionConfigurationPlatforms) = preSolution
		Debug|Any CPU = Debug|Any CPU
		Release|Any CPU = Release|Any CPU
	EndGlobalSection
	GlobalSection(ProjectConfigurationPlatforms) = postSolution
		{99C72CF6-014A-4443-A4AC-FC475D73910F}.Debug|Any CPU.ActiveCfg = Debug|Any CPU
		{99C72CF6-014A-4443-A4AC-FC475D73910F}.Debug|Any CPU.Build.0 = Debug|Any CPU
		{99C72CF6-014A-4443-A4AC-FC475D73910F}.Release|Any CPU.ActiveCfg = Release|Any CPU
		{99C72CF6-014A-4443-A4AC-FC475D73910F}.Release|Any CPU.Build.0 = Release|Any CPU
		{DFA020A5-5D3F-4C17-A160-8576205762FD}.Debug|Any CPU.ActiveCfg = Debug|Any CPU
		{DFA020A5-5D3F-4C17-A160-8576205762FD}.Debug|Any CPU.Build.0 = Debug|Any CPU
		{DFA020A5-5D3F-4C17-A160-8576205762FD}.Release|Any CPU.ActiveCfg = Release|Any CPU
		{DFA020A5-5D3F-4C17-A160-8576205762FD}.Release|Any CPU.Build.0 = Release|Any CPU
		{B28CC3C9-0066-4B05-8AAC-CB8928C9C37C}.Debug|Any CPU.ActiveCfg = Debug|Any CPU
		{B28CC3C9-0066-4B05-8AAC-CB8928C9C37C}.Debug|Any CPU.Build.0 = Debug|Any CPU
		{B28CC3C9-0066-4B05-8AAC-CB8928C9C37C}.Release|Any CPU.ActiveCfg = Release|Any CPU
		{B28CC3C9-0066-4B05-8AAC-CB8928C9C37C}.Release|Any CPU.Build.0 = Release|Any CPU
		{91E52D40-ED11-4380-AE4B-6A85D4076F72}.Debug|Any CPU.ActiveCfg = Debug|Any CPU
		{91E52D40-ED11-4380-AE4B-6A85D4076F72}.Debug|Any CPU.Build.0 = Debug|Any CPU
		{91E52D40-ED11-4380-AE4B-6A85D4076F72}.Release|Any CPU.ActiveCfg = Release|Any CPU
		{91E52D40-ED11-4380-AE4B-6A85D4076F72}.Release|Any CPU.Build.0 = Release|Any CPU
		{960EDF29-85F8-4E91-BA37-EB7A9FB2C092}.Debug|Any CPU.ActiveCfg = Debug|Any CPU
		{960EDF29-85F8-4E91-BA37-EB7A9FB2C092}.Debug|Any CPU.Build.0 = Debug|Any CPU
		{960EDF29-85F8-4E91-BA37-EB7A9FB2C092}.Release|Any CPU.ActiveCfg = Release|Any CPU
		{960EDF29-85F8-4E91-BA37-EB7A9FB2C092}.Release|Any CPU.Build.0 = Release|Any CPU
		{54D4A145-8F25-4E09-9FD4-B52C83BD6557}.Debug|Any CPU.ActiveCfg = Debug|Any CPU
		{54D4A145-8F25-4E09-9FD4-B52C83BD6557}.Debug|Any CPU.Build.0 = Debug|Any CPU
		{54D4A145-8F25-4E09-9FD4-B52C83BD6557}.Release|Any CPU.ActiveCfg = Release|Any CPU
		{54D4A145-8F25-4E09-9FD4-B52C83BD6557}.Release|Any CPU.Build.0 = Release|Any CPU
		{5EC15BF8-633E-4825-AE49-20DB02492F0C}.Debug|Any CPU.ActiveCfg = Debug|Any CPU
		{5EC15BF8-633E-4825-AE49-20DB02492F0C}.Debug|Any CPU.Build.0 = Debug|Any CPU
		{5EC15BF8-633E-4825-AE49-20DB02492F0C}.Release|Any CPU.ActiveCfg = Release|Any CPU
		{5EC15BF8-633E-4825-AE49-20DB02492F0C}.Release|Any CPU.Build.0 = Release|Any CPU
	EndGlobalSection
	GlobalSection(SolutionProperties) = preSolution
		HideSolutionNode = FALSE
	EndGlobalSection
	GlobalSection(ExtensibilityGlobals) = postSolution
		SolutionGuid = {A15D027D-4BD7-4CF6-9EA9-D34173B11C9B}
	EndGlobalSection
EndGlobal
